
Microsoft Visual Studio Solution File, Format Version 12.00
# Visual Studio Version 17
VisualStudioVersion = 17.6.33815.320
MinimumVisualStudioVersion = 10.0.40219.1
Project("{FAE04EC0-301F-11D3-BF4B-00C04F79EFBC}") = "WebForms Page Directive", "WebForms Page Directive\WebForms Page Directive.csproj", "{D53F5CA2-B970-4695-A47B-D2F8276BF3C0}"
EndProject
Global
	GlobalSection(SolutionConfigurationPlatforms) = preSolution
		Debug|Any CPU = Debug|Any CPU
		Release|Any CPU = Release|Any CPU
	EndGlobalSection
	GlobalSection(ProjectConfigurationPlatforms) = postSolution
		{D53F5CA2-B970-4695-A47B-D2F8276BF3C0}.Debug|Any CPU.ActiveCfg = Debug|Any CPU
		{D53F5CA2-B970-4695-A47B-D2F8276BF3C0}.Debug|Any CPU.Build.0 = Debug|Any CPU
		{D53F5CA2-B970-4695-A47B-D2F8276BF3C0}.Release|Any CPU.ActiveCfg = Release|Any CPU
		{D53F5CA2-B970-4695-A47B-D2F8276BF3C0}.Release|Any CPU.Build.0 = Release|Any CPU
	EndGlobalSection
	GlobalSection(SolutionProperties) = preSolution
		HideSolutionNode = FALSE
	EndGlobalSection
	GlobalSection(ExtensibilityGlobals) = postSolution
		SolutionGuid = {834F3A29-DA50-4259-A4F5-F1AF4FF04E1A}
	EndGlobalSection
EndGlobal
